// !$*UTF8*$!
{
	archiveVersion = 1;
	classes = {
	};
	objectVersion = 77;
	objects = {

/* Begin PBXBuildFile section */
		9A28A5D72F285EAF00B0DB3C /* Assets.xcassets in Resources */ = {isa = PBXBuildFile; fileRef = 9A28A5BE2F285EAF00B0DB3C /* Assets.xcassets */; };
		9A28A5D82F285EAF00B0DB3C /* README.md in Resources */ = {isa = PBXBuildFile; fileRef = 9A28A5BF2F285EAF00B0DB3C /* README.md */; };
		9A28A6542F2998CE00B0DB3C /* GRDB in Frameworks */ = {isa = PBXBuildFile; productRef = 9A28A6532F2998CE00B0DB3C /* GRDB */; };
		9A28A6652F299CE400B0DB3C /* GoogleSignIn in Frameworks */ = {isa = PBXBuildFile; productRef = 9A28A6642F299CE400B0DB3C /* GoogleSignIn */; };
		9A28A6672F299CE400B0DB3C /* GoogleSignInSwift in Frameworks */ = {isa = PBXBuildFile; productRef = 9A28A6662F299CE400B0DB3C /* GoogleSignInSwift */; };
		9A28A67C2F29B29300B0DB3C /* GoogleService-Info.plist in Resources */ = {isa = PBXBuildFile; fileRef = 9A28A6792F29AE1000B0DB3C /* GoogleService-Info.plist */; };
		9A28A7132F2A0001 /* RuleEngineTests.swift in Sources */ = {isa = PBXBuildFile; fileRef = 9A28A7102F2A0001 /* RuleEngineTests.swift */; };
		9A28A7142F2A0001 /* SampleEmails.swift in Sources */ = {isa = PBXBuildFile; fileRef = 9A28A7112F2A0001 /* SampleEmails.swift */; };
/* End PBXBuildFile section */

/* Begin PBXContainerItemProxy section */
		9A28A71D2F2A0001 /* PBXContainerItemProxy */ = {
			isa = PBXContainerItemProxy;
			containerPortal = 9A28A47A2F27AD0F00B0DB3C /* Project object */;
			proxyType = 1;
			remoteGlobalIDString = 9A28A4812F27AD0F00B0DB3C;
			remoteInfo = OnDue;
		};
/* End PBXContainerItemProxy section */

/* Begin PBXFileReference section */
		9A28A4822F27AD0F00B0DB3C /* OnDue.app */ = {isa = PBXFileReference; explicitFileType = wrapper.application; includeInIndex = 0; path = OnDue.app; sourceTree = BUILT_PRODUCTS_DIR; };
		9A28A5BE2F285EAF00B0DB3C /* Assets.xcassets */ = {isa = PBXFileReference; lastKnownFileType = folder.assetcatalog; path = Assets.xcassets; sourceTree = "<group>"; };
		9A28A5BF2F285EAF00B0DB3C /* README.md */ = {isa = PBXFileReference; lastKnownFileType = net.daringfireball.markdown; path = README.md; sourceTree = "<group>"; };
		9A28A6702F29A3C300B0DB3C /* .gitignore */ = {isa = PBXFileReference; lastKnownFileType = text; path = .gitignore; sourceTree = "<group>"; };
		9A28A6782F29ADC600B0DB3C /* OnDue-Info.plist */ = {isa = PBXFileReference; lastKnownFileType = text.plist; path = "OnDue-Info.plist"; sourceTree = "<group>"; };
		9A28A6792F29AE1000B0DB3C /* GoogleService-Info.plist */ = {isa = PBXFileReference; lastKnownFileType = text.plist.xml; path = "GoogleService-Info.plist"; sourceTree = "<group>"; };
		9A28A7102F2A0001 /* RuleEngineTests.swift */ = {isa = PBXFileReference; lastKnownFileType = sourcecode.swift; path = RuleEngineTests.swift; sourceTree = "<group>"; };
		9A28A7112F2A0001 /* SampleEmails.swift */ = {isa = PBXFileReference; lastKnownFileType = sourcecode.swift; path = SampleEmails.swift; sourceTree = "<group>"; };
		9A28A7122F2A0001 /* OnDueTests.xctest */ = {isa = PBXFileReference; explicitFileType = wrapper.cfbundle; includeInIndex = 0; path = OnDueTests.xctest; sourceTree = BUILT_PRODUCTS_DIR; };
/* End PBXFileReference section */

/* Begin PBXFileSystemSynchronizedBuildFileExceptionSet section */
		9A28A6142F28671200B0DB3C /* Exceptions for "Data" folder in "OnDue" target */ = {
			isa = PBXFileSystemSynchronizedBuildFileExceptionSet;
			membershipExceptions = (
				Database/Database.swift,
				Database/FTS.swift,
				Database/Migrations.swift,
				Repositories/CandidateScoreRepository.swift,
				Repositories/FeedbackRepository.swift,
				Repositories/MailboxAccountRepository.swift,
				Repositories/MessageRepository.swift,
				Repositories/ObligationRepository.swift,
				Repositories/RuleWeightRepository.swift,
			);
			target = 9A28A4812F27AD0F00B0DB3C /* OnDue */;
		};
		9A28A6152F28671200B0DB3C /* Exceptions for "Features" folder in "OnDue" target */ = {
			isa = PBXFileSystemSynchronizedBuildFileExceptionSet;
			membershipExceptions = (
				Connect/ConnectGmailView.swift,
				Connect/ConnectGmailViewModel.swift,
				Digest/DigestView.swift,
				Digest/DigestViewModel.swift,
			);
			target = 9A28A4812F27AD0F00B0DB3C /* OnDue */;
		};
		9A28A6172F28671200B0DB3C /* Exceptions for "Services" folder in "OnDue" target */ = {
			isa = PBXFileSystemSynchronizedBuildFileExceptionSet;
			membershipExceptions = (
				Background/BackgroundRefreshService.swift,
				Extraction/CandidateSelector.swift,
				Extraction/EmailParser.swift,
				Extraction/ObligationExtractor.swift,
				Extraction/RuleEngine.swift,
				Gmail/GmailAuthService.swift,
				Gmail/GmailClient.swift,
				Gmail/GmailConfiguration.swift,
				Gmail/GmailSyncService.swift,
			);
			target = 9A28A4812F27AD0F00B0DB3C /* OnDue */;
		};
		9A28A6182F28671200B0DB3C /* Exceptions for "Utilities" folder in "OnDue" target */ = {
			isa = PBXFileSystemSynchronizedBuildFileExceptionSet;
			membershipExceptions = (
				DateParsing.swift,
				Logger.swift,
			);
			target = 9A28A4812F27AD0F00B0DB3C /* OnDue */;
		};
		9A28A6612F2999CC00B0DB3C /* Exceptions for "Models" folder in "OnDue" target */ = {
			isa = PBXFileSystemSynchronizedBuildFileExceptionSet;
			membershipExceptions = (
				CandidateScore.swift,
				Feedback.swift,
				MailboxAccount.swift,
				Message.swift,
				Obligation.swift,
				RuleWeight.swift,
				Suppression.swift,
			);
			target = 9A28A4812F27AD0F00B0DB3C /* OnDue */;
		};
/* End PBXFileSystemSynchronizedBuildFileExceptionSet section */

/* Begin PBXFileSystemSynchronizedRootGroup section */
		9A28A5DC2F28671200B0DB3C /* App */ = {
			isa = PBXFileSystemSynchronizedRootGroup;
			path = App;
			sourceTree = "<group>";
		};
		9A28A5E42F28671200B0DB3C /* Data */ = {
			isa = PBXFileSystemSynchronizedRootGroup;
			exceptions = (
				9A28A6142F28671200B0DB3C /* Exceptions for "Data" folder in "OnDue" target */,
			);
			path = Data;
			sourceTree = "<group>";
		};
		9A28A5EB2F28671200B0DB3C /* Features */ = {
			isa = PBXFileSystemSynchronizedRootGroup;
			exceptions = (
				9A28A6152F28671200B0DB3C /* Exceptions for "Features" folder in "OnDue" target */,
			);
			path = Features;
			sourceTree = "<group>";
		};
		9A28A5F02F28671200B0DB3C /* Models */ = {
			isa = PBXFileSystemSynchronizedRootGroup;
			exceptions = (
				9A28A6612F2999CC00B0DB3C /* Exceptions for "Models" folder in "OnDue" target */,
			);
			path = Models;
			sourceTree = "<group>";
		};
		9A28A5F92F28671200B0DB3C /* Services */ = {
			isa = PBXFileSystemSynchronizedRootGroup;
			exceptions = (
				9A28A6172F28671200B0DB3C /* Exceptions for "Services" folder in "OnDue" target */,
			);
			path = Services;
			sourceTree = "<group>";
		};
		9A28A5FC2F28671200B0DB3C /* Utilities */ = {
			isa = PBXFileSystemSynchronizedRootGroup;
			exceptions = (
				9A28A6182F28671200B0DB3C /* Exceptions for "Utilities" folder in "OnDue" target */,
			);
			path = Utilities;
			sourceTree = "<group>";
		};
/* End PBXFileSystemSynchronizedRootGroup section */

/* Begin PBXFrameworksBuildPhase section */
		9A28A47F2F27AD0F00B0DB3C /* Frameworks */ = {
			isa = PBXFrameworksBuildPhase;
			buildActionMask = 2147483647;
			files = (
				9A28A6672F299CE400B0DB3C /* GoogleSignInSwift in Frameworks */,
				9A28A6542F2998CE00B0DB3C /* GRDB in Frameworks */,
				9A28A6652F299CE400B0DB3C /* GoogleSignIn in Frameworks */,
			);
			runOnlyForDeploymentPostprocessing = 0;
		};
		9A28A7172F2A0001 /* Frameworks */ = {
			isa = PBXFrameworksBuildPhase;
			buildActionMask = 2147483647;
			files = (
			);
			runOnlyForDeploymentPostprocessing = 0;
		};
/* End PBXFrameworksBuildPhase section */

/* Begin PBXGroup section */
		9A28A4792F27AD0F00B0DB3C = {
			isa = PBXGroup;
			children = (
				9A28A6782F29ADC600B0DB3C /* OnDue-Info.plist */,
				9A28A4832F27AD0F00B0DB3C /* Products */,
				9A28A7152F2A0001 /* OnDueTests */,
				9A28A5DC2F28671200B0DB3C /* App */,
				9A28A5E42F28671200B0DB3C /* Data */,
				9A28A5EB2F28671200B0DB3C /* Features */,
				9A28A5F02F28671200B0DB3C /* Models */,
				9A28A5F92F28671200B0DB3C /* Services */,
				9A28A5FC2F28671200B0DB3C /* Utilities */,
				9A28A5BE2F285EAF00B0DB3C /* Assets.xcassets */,
				9A28A5BF2F285EAF00B0DB3C /* README.md */,
				9A28A6702F29A3C300B0DB3C /* .gitignore */,
				9A28A6792F29AE1000B0DB3C /* GoogleService-Info.plist */,
			);
			sourceTree = "<group>";
		};
		9A28A4832F27AD0F00B0DB3C /* Products */ = {
			isa = PBXGroup;
			children = (
				9A28A4822F27AD0F00B0DB3C /* OnDue.app */,
				9A28A7122F2A0001 /* OnDueTests.xctest */,
			);
			name = Products;
			sourceTree = "<group>";
		};
		9A28A7152F2A0001 /* OnDueTests */ = {
			isa = PBXGroup;
			children = (
				9A28A7102F2A0001 /* RuleEngineTests.swift */,
				9A28A7112F2A0001 /* SampleEmails.swift */,
			);
			path = OnDueTests;
			sourceTree = "<group>";
		};
/* End PBXGroup section */

/* Begin PBXNativeTarget section */
		9A28A4812F27AD0F00B0DB3C /* OnDue */ = {
			isa = PBXNativeTarget;
			buildConfigurationList = 9A28A48D2F27AD1100B0DB3C /* Build configuration list for PBXNativeTarget "OnDue" */;
			buildPhases = (
				9A28A47E2F27AD0F00B0DB3C /* Sources */,
				9A28A47F2F27AD0F00B0DB3C /* Frameworks */,
				9A28A4802F27AD0F00B0DB3C /* Resources */,
			);
			buildRules = (
			);
			dependencies = (
			);
			fileSystemSynchronizedGroups = (
				9A28A5DC2F28671200B0DB3C /* App */,
			);
			name = OnDue;
			packageProductDependencies = (
				9A28A6532F2998CE00B0DB3C /* GRDB */,
				9A28A6642F299CE400B0DB3C /* GoogleSignIn */,
				9A28A6662F299CE400B0DB3C /* GoogleSignInSwift */,
			);
			productName = OnDue;
			productReference = 9A28A4822F27AD0F00B0DB3C /* OnDue.app */;
			productType = "com.apple.product-type.application";
		};
		9A28A7192F2A0001 /* OnDueTests */ = {
			isa = PBXNativeTarget;
			buildConfigurationList = 9A28A71C2F2A0001 /* Build configuration list for PBXNativeTarget "OnDueTests" */;
			buildPhases = (
				9A28A7162F2A0001 /* Sources */,
				9A28A7172F2A0001 /* Frameworks */,
				9A28A7182F2A0001 /* Resources */,
			);
			buildRules = (
			);
			dependencies = (
				9A28A71E2F2A0001 /* PBXTargetDependency */,
			);
			name = OnDueTests;
			productName = OnDueTests;
			productReference = 9A28A7122F2A0001 /* OnDueTests.xctest */;
			productType = "com.apple.product-type.bundle.unit-test";
		};
/* End PBXNativeTarget section */

/* Begin PBXProject section */
		9A28A47A2F27AD0F00B0DB3C /* Project object */ = {
			isa = PBXProject;
			attributes = {
				BuildIndependentTargetsInParallel = 1;
				LastSwiftUpdateCheck = 2620;
				LastUpgradeCheck = 2620;
				TargetAttributes = {
					9A28A4812F27AD0F00B0DB3C = {
						CreatedOnToolsVersion = 26.2;
					};
					9A28A7192F2A0001 = {
						CreatedOnToolsVersion = 26.2;
					};
				};
			};
			buildConfigurationList = 9A28A47D2F27AD0F00B0DB3C /* Build configuration list for PBXProject "OnDue" */;
			developmentRegion = en;
			hasScannedForEncodings = 0;
			knownRegions = (
				en,
				Base,
			);
			mainGroup = 9A28A4792F27AD0F00B0DB3C;
			minimizedProjectReferenceProxies = 1;
			packageReferences = (
				9A28A6522F2998CE00B0DB3C /* XCRemoteSwiftPackageReference "GRDB" */,
				9A28A6632F299CE400B0DB3C /* XCRemoteSwiftPackageReference "GoogleSignIn-iOS" */,
			);
			preferredProjectObjectVersion = 77;
			productRefGroup = 9A28A4832F27AD0F00B0DB3C /* Products */;
			projectDirPath = "";
			projectRoot = "";
			targets = (
				9A28A4812F27AD0F00B0DB3C /* OnDue */,
				9A28A7192F2A0001 /* OnDueTests */,
			);
		};
/* End PBXProject section */

/* Begin PBXResourcesBuildPhase section */
		9A28A4802F27AD0F00B0DB3C /* Resources */ = {
			isa = PBXResourcesBuildPhase;
			buildActionMask = 2147483647;
			files = (
				9A28A5D72F285EAF00B0DB3C /* Assets.xcassets in Resources */,
				9A28A5D82F285EAF00B0DB3C /* README.md in Resources */,
				9A28A67C2F29B29300B0DB3C /* GoogleService-Info.plist in Resources */,
			);
			runOnlyForDeploymentPostprocessing = 0;
		};
		9A28A7182F2A0001 /* Resources */ = {
			isa = PBXResourcesBuildPhase;
			buildActionMask = 2147483647;
			files = (
			);
			runOnlyForDeploymentPostprocessing = 0;
		};
/* End PBXResourcesBuildPhase section */

/* Begin PBXSourcesBuildPhase section */
		9A28A47E2F27AD0F00B0DB3C /* Sources */ = {
			isa = PBXSourcesBuildPhase;
			buildActionMask = 2147483647;
			files = (
			);
			runOnlyForDeploymentPostprocessing = 0;
		};
		9A28A7162F2A0001 /* Sources */ = {
			isa = PBXSourcesBuildPhase;
			buildActionMask = 2147483647;
			files = (
				9A28A7132F2A0001 /* RuleEngineTests.swift in Sources */,
				9A28A7142F2A0001 /* SampleEmails.swift in Sources */,
			);
			runOnlyForDeploymentPostprocessing = 0;
		};
/* End PBXSourcesBuildPhase section */

/* Begin PBXTargetDependency section */
		9A28A71E2F2A0001 /* PBXTargetDependency */ = {
			isa = PBXTargetDependency;
			target = 9A28A4812F27AD0F00B0DB3C /* OnDue */;
			targetProxy = 9A28A71D2F2A0001 /* PBXContainerItemProxy */;
		};
/* End PBXTargetDependency section */

/* Begin XCBuildConfiguration section */
		9A28A48B2F27AD1100B0DB3C /* Debug */ = {
			isa = XCBuildConfiguration;
			buildSettings = {
				ALWAYS_SEARCH_USER_PATHS = NO;
				ASSETCATALOG_COMPILER_GENERATE_SWIFT_ASSET_SYMBOL_EXTENSIONS = YES;
				CLANG_ANALYZER_NONNULL = YES;
				CLANG_ANALYZER_NUMBER_OBJECT_CONVERSION = YES_AGGRESSIVE;
				CLANG_CXX_LANGUAGE_STANDARD = "gnu++20";
				CLANG_ENABLE_MODULES = YES;
				CLANG_ENABLE_OBJC_ARC = YES;
				CLANG_ENABLE_OBJC_WEAK = YES;
				CLANG_WARN_BLOCK_CAPTURE_AUTORELEASING = YES;
				CLANG_WARN_BOOL_CONVERSION = YES;
				CLANG_WARN_COMMA = YES;
				CLANG_WARN_CONSTANT_CONVERSION = YES;
				CLANG_WARN_DEPRECATED_OBJC_IMPLEMENTATIONS = YES;
				CLANG_WARN_DIRECT_OBJC_ISA_USAGE = YES_ERROR;
				CLANG_WARN_DOCUMENTATION_COMMENTS = YES;
				CLANG_WARN_EMPTY_BODY = YES;
				CLANG_WARN_ENUM_CONVERSION = YES;
				CLANG_WARN_INFINITE_RECURSION = YES;
				CLANG_WARN_INT_CONVERSION = YES;
				CLANG_WARN_NON_LITERAL_NULL_CONVERSION = YES;
				CLANG_WARN_OBJC_IMPLICIT_RETAIN_SELF = YES;
				CLANG_WARN_OBJC_LITERAL_CONVERSION = YES;
				CLANG_WARN_OBJC_ROOT_CLASS = YES_ERROR;
				CLANG_WARN_QUOTED_INCLUDE_IN_FRAMEWORK_HEADER = YES;
				CLANG_WARN_RANGE_LOOP_ANALYSIS = YES;
				CLANG_WARN_STRICT_PROTOTYPES = YES;
				CLANG_WARN_SUSPICIOUS_MOVE = YES;
				CLANG_WARN_UNGUARDED_AVAILABILITY = YES_AGGRESSIVE;
				CLANG_WARN_UNREACHABLE_CODE = YES;
				CLANG_WARN__DUPLICATE_METHOD_MATCH = YES;
				COPY_PHASE_STRIP = NO;
				DEBUG_INFORMATION_FORMAT = dwarf;
				ENABLE_STRICT_OBJC_MSGSEND = YES;
				ENABLE_TESTABILITY = YES;
				ENABLE_USER_SCRIPT_SANDBOXING = YES;
				GCC_C_LANGUAGE_STANDARD = gnu17;
				GCC_DYNAMIC_NO_PIC = NO;
				GCC_NO_COMMON_BLOCKS = YES;
				GCC_OPTIMIZATION_LEVEL = 0;
				GCC_PREPROCESSOR_DEFINITIONS = (
					"DEBUG=1",
					"$(inherited)",
				);
				GCC_WARN_64_TO_32_BIT_CONVERSION = YES;
				GCC_WARN_ABOUT_RETURN_TYPE = YES_ERROR;
				GCC_WARN_UNDECLARED_SELECTOR = YES;
				GCC_WARN_UNINITIALIZED_AUTOS = YES_AGGRESSIVE;
				GCC_WARN_UNUSED_FUNCTION = YES;
				GCC_WARN_UNUSED_VARIABLE = YES;
				IPHONEOS_DEPLOYMENT_TARGET = 26.2;
				LOCALIZATION_PREFERS_STRING_CATALOGS = YES;
				MTL_ENABLE_DEBUG_INFO = INCLUDE_SOURCE;
				MTL_FAST_MATH = YES;
				ONLY_ACTIVE_ARCH = YES;
				SDKROOT = iphoneos;
				SWIFT_ACTIVE_COMPILATION_CONDITIONS = "DEBUG $(inherited)";
				SWIFT_OPTIMIZATION_LEVEL = "-Onone";
			};
			name = Debug;
		};
		9A28A48C2F27AD1100B0DB3C /* Release */ = {
			isa = XCBuildConfiguration;
			buildSettings = {
				ALWAYS_SEARCH_USER_PATHS = NO;
				ASSETCATALOG_COMPILER_GENERATE_SWIFT_ASSET_SYMBOL_EXTENSIONS = YES;
				CLANG_ANALYZER_NONNULL = YES;
				CLANG_ANALYZER_NUMBER_OBJECT_CONVERSION = YES_AGGRESSIVE;
				CLANG_CXX_LANGUAGE_STANDARD = "gnu++20";
				CLANG_ENABLE_MODULES = YES;
				CLANG_ENABLE_OBJC_ARC = YES;
				CLANG_ENABLE_OBJC_WEAK = YES;
				CLANG_WARN_BLOCK_CAPTURE_AUTORELEASING = YES;
				CLANG_WARN_BOOL_CONVERSION = YES;
				CLANG_WARN_COMMA = YES;
				CLANG_WARN_CONSTANT_CONVERSION = YES;
				CLANG_WARN_DEPRECATED_OBJC_IMPLEMENTATIONS = YES;
				CLANG_WARN_DIRECT_OBJC_ISA_USAGE = YES_ERROR;
				CLANG_WARN_DOCUMENTATION_COMMENTS = YES;
				CLANG_WARN_EMPTY_BODY = YES;
				CLANG_WARN_ENUM_CONVERSION = YES;
				CLANG_WARN_INFINITE_RECURSION = YES;
				CLANG_WARN_INT_CONVERSION = YES;
				CLANG_WARN_NON_LITERAL_NULL_CONVERSION = YES;
				CLANG_WARN_OBJC_IMPLICIT_RETAIN_SELF = YES;
				CLANG_WARN_OBJC_LITERAL_CONVERSION = YES;
				CLANG_WARN_OBJC_ROOT_CLASS = YES_ERROR;
				CLANG_WARN_QUOTED_INCLUDE_IN_FRAMEWORK_HEADER = YES;
				CLANG_WARN_RANGE_LOOP_ANALYSIS = YES;
				CLANG_WARN_STRICT_PROTOTYPES = YES;
				CLANG_WARN_SUSPICIOUS_MOVE = YES;
				CLANG_WARN_UNGUARDED_AVAILABILITY = YES_AGGRESSIVE;
				CLANG_WARN_UNREACHABLE_CODE = YES;
				CLANG_WARN__DUPLICATE_METHOD_MATCH = YES;
				COPY_PHASE_STRIP = NO;
				DEBUG_INFORMATION_FORMAT = "dwarf-with-dsym";
				ENABLE_NS_ASSERTIONS = NO;
				ENABLE_STRICT_OBJC_MSGSEND = YES;
				ENABLE_USER_SCRIPT_SANDBOXING = YES;
				GCC_C_LANGUAGE_STANDARD = gnu17;
				GCC_NO_COMMON_BLOCKS = YES;
				GCC_WARN_64_TO_32_BIT_CONVERSION = YES;
				GCC_WARN_ABOUT_RETURN_TYPE = YES_ERROR;
				GCC_WARN_UNDECLARED_SELECTOR = YES;
				GCC_WARN_UNINITIALIZED_AUTOS = YES_AGGRESSIVE;
				GCC_WARN_UNUSED_FUNCTION = YES;
				GCC_WARN_UNUSED_VARIABLE = YES;
				IPHONEOS_DEPLOYMENT_TARGET = 26.2;
				LOCALIZATION_PREFERS_STRING_CATALOGS = YES;
				MTL_ENABLE_DEBUG_INFO = NO;
				MTL_FAST_MATH = YES;
				SDKROOT = iphoneos;
				SWIFT_COMPILATION_MODE = wholemodule;
				VALIDATE_PRODUCT = YES;
			};
			name = Release;
		};
		9A28A48E2F27AD1100B0DB3C /* Debug */ = {
			isa = XCBuildConfiguration;
			buildSettings = {
				ASSETCATALOG_COMPILER_APPICON_NAME = AppIcon;
				ASSETCATALOG_COMPILER_GLOBAL_ACCENT_COLOR_NAME = AccentColor;
				CODE_SIGN_STYLE = Automatic;
				CURRENT_PROJECT_VERSION = 1;
				DEVELOPMENT_TEAM = SX7SFWV9P2;
				ENABLE_PREVIEWS = YES;
				GENERATE_INFOPLIST_FILE = YES;
				INFOPLIST_FILE = "OnDue-Info.plist";
				INFOPLIST_KEY_UIApplicationSceneManifest_Generation = YES;
				INFOPLIST_KEY_UIApplicationSupportsIndirectInputEvents = YES;
				INFOPLIST_KEY_UILaunchScreen_Generation = YES;
				INFOPLIST_KEY_UISupportedInterfaceOrientations_iPad = "UIInterfaceOrientationPortrait UIInterfaceOrientationPortraitUpsideDown UIInterfaceOrientationLandscapeLeft UIInterfaceOrientationLandscapeRight";
				INFOPLIST_KEY_UISupportedInterfaceOrientations_iPhone = "UIInterfaceOrientationPortrait UIInterfaceOrientationLandscapeLeft UIInterfaceOrientationLandscapeRight";
				LD_RUNPATH_SEARCH_PATHS = (
					"$(inherited)",
					"@executable_path/Frameworks",
				);
				MARKETING_VERSION = 1.0;
				PRODUCT_BUNDLE_IDENTIFIER = com.hugo.OnDue;
				PRODUCT_NAME = "$(TARGET_NAME)";
				STRING_CATALOG_GENERATE_SYMBOLS = YES;
				SWIFT_APPROACHABLE_CONCURRENCY = YES;
				SWIFT_DEFAULT_ACTOR_ISOLATION = MainActor;
				SWIFT_EMIT_LOC_STRINGS = YES;
				SWIFT_UPCOMING_FEATURE_MEMBER_IMPORT_VISIBILITY = YES;
				SWIFT_VERSION = 5.0;
				TARGETED_DEVICE_FAMILY = "1,2";
			};
			name = Debug;
		};
		9A28A48F2F27AD1100B0DB3C /* Release */ = {
			isa = XCBuildConfiguration;
			buildSettings = {
				ASSETCATALOG_COMPILER_APPICON_NAME = AppIcon;
				ASSETCATALOG_COMPILER_GLOBAL_ACCENT_COLOR_NAME = AccentColor;
				CODE_SIGN_STYLE = Automatic;
				CURRENT_PROJECT_VERSION = 1;
				DEVELOPMENT_TEAM = SX7SFWV9P2;
				ENABLE_PREVIEWS = YES;
				GENERATE_INFOPLIST_FILE = YES;
				INFOPLIST_FILE = "OnDue-Info.plist";
				INFOPLIST_KEY_UIApplicationSceneManifest_Generation = YES;
				INFOPLIST_KEY_UIApplicationSupportsIndirectInputEvents = YES;
				INFOPLIST_KEY_UILaunchScreen_Generation = YES;
				INFOPLIST_KEY_UISupportedInterfaceOrientations_iPad = "UIInterfaceOrientationPortrait UIInterfaceOrientationPortraitUpsideDown UIInterfaceOrientationLandscapeLeft UIInterfaceOrientationLandscapeRight";
				INFOPLIST_KEY_UISupportedInterfaceOrientations_iPhone = "UIInterfaceOrientationPortrait UIInterfaceOrientationLandscapeLeft UIInterfaceOrientationLandscapeRight";
				LD_RUNPATH_SEARCH_PATHS = (
					"$(inherited)",
					"@executable_path/Frameworks",
				);
				MARKETING_VERSION = 1.0;
				PRODUCT_BUNDLE_IDENTIFIER = com.hugo.OnDue;
				PRODUCT_NAME = "$(TARGET_NAME)";
				STRING_CATALOG_GENERATE_SYMBOLS = YES;
				SWIFT_APPROACHABLE_CONCURRENCY = YES;
				SWIFT_DEFAULT_ACTOR_ISOLATION = MainActor;
				SWIFT_EMIT_LOC_STRINGS = YES;
				SWIFT_UPCOMING_FEATURE_MEMBER_IMPORT_VISIBILITY = YES;
				SWIFT_VERSION = 5.0;
				TARGETED_DEVICE_FAMILY = "1,2";
			};
			name = Release;
		};
		9A28A71A2F2A0001 /* Debug */ = {
			isa = XCBuildConfiguration;
			buildSettings = {
				ALWAYS_SEARCH_USER_PATHS = NO;
				BUNDLE_LOADER = "$(TEST_HOST)";
				CLANG_ENABLE_MODULES = YES;
				ENABLE_USER_SCRIPT_SANDBOXING = YES;
				GENERATE_INFOPLIST_FILE = YES;
				IPHONEOS_DEPLOYMENT_TARGET = 26.2;
				LD_RUNPATH_SEARCH_PATHS = (
					"$(inherited)",
					"@executable_path/Frameworks",
					"@loader_path/Frameworks",
				);
				PRODUCT_BUNDLE_IDENTIFIER = com.hugo.OnDueTests;
				PRODUCT_NAME = "$(TARGET_NAME)";
				SDKROOT = iphoneos;
				SWIFT_ACTIVE_COMPILATION_CONDITIONS = "DEBUG $(inherited)";
				SWIFT_OPTIMIZATION_LEVEL = "-Onone";
				SWIFT_VERSION = 5.0;
				TARGETED_DEVICE_FAMILY = "1,2";
				TEST_HOST = "$(BUILT_PRODUCTS_DIR)/OnDue.app/OnDue";
			};
			name = Debug;
		};
		9A28A71B2F2A0001 /* Release */ = {
			isa = XCBuildConfiguration;
			buildSettings = {
				ALWAYS_SEARCH_USER_PATHS = NO;
				BUNDLE_LOADER = "$(TEST_HOST)";
				CLANG_ENABLE_MODULES = YES;
				ENABLE_USER_SCRIPT_SANDBOXING = YES;
				GENERATE_INFOPLIST_FILE = YES;
				IPHONEOS_DEPLOYMENT_TARGET = 26.2;
				LD_RUNPATH_SEARCH_PATHS = (
					"$(inherited)",
					"@executable_path/Frameworks",
					"@loader_path/Frameworks",
				);
				PRODUCT_BUNDLE_IDENTIFIER = com.hugo.OnDueTests;
				PRODUCT_NAME = "$(TARGET_NAME)";
				SDKROOT = iphoneos;
				SWIFT_COMPILATION_MODE = wholemodule;
				SWIFT_VERSION = 5.0;
				TARGETED_DEVICE_FAMILY = "1,2";
				TEST_HOST = "$(BUILT_PRODUCTS_DIR)/OnDue.app/OnDue";
			};
			name = Release;
		};
/* End XCBuildConfiguration section */

/* Begin XCConfigurationList section */
		9A28A47D2F27AD0F00B0DB3C /* Build configuration list for PBXProject "OnDue" */ = {
			isa = XCConfigurationList;
			buildConfigurations = (
				9A28A48B2F27AD1100B0DB3C /* Debug */,
				9A28A48C2F27AD1100B0DB3C /* Release */,
			);
			defaultConfigurationIsVisible = 0;
			defaultConfigurationName = Release;
		};
		9A28A48D2F27AD1100B0DB3C /* Build configuration list for PBXNativeTarget "OnDue" */ = {
			isa = XCConfigurationList;
			buildConfigurations = (
				9A28A48E2F27AD1100B0DB3C /* Debug */,
				9A28A48F2F27AD1100B0DB3C /* Release */,
			);
			defaultConfigurationIsVisible = 0;
			defaultConfigurationName = Release;
		};
		9A28A71C2F2A0001 /* Build configuration list for PBXNativeTarget "OnDueTests" */ = {
			isa = XCConfigurationList;
			buildConfigurations = (
				9A28A71A2F2A0001 /* Debug */,
				9A28A71B2F2A0001 /* Release */,
			);
			defaultConfigurationIsVisible = 0;
			defaultConfigurationName = Release;
		};
/* End XCConfigurationList section */

/* Begin XCRemoteSwiftPackageReference section */
		9A28A6522F2998CE00B0DB3C /* XCRemoteSwiftPackageReference "GRDB" */ = {
			isa = XCRemoteSwiftPackageReference;
			repositoryURL = "https://github.com/groue/GRDB.swift";
			requirement = {
				branch = master;
				kind = branch;
			};
		};
		9A28A6632F299CE400B0DB3C /* XCRemoteSwiftPackageReference "GoogleSignIn-iOS" */ = {
			isa = XCRemoteSwiftPackageReference;
			repositoryURL = "https://github.com/google/GoogleSignIn-iOS";
			requirement = {
				kind = upToNextMajorVersion;
				minimumVersion = 9.1.0;
			};
		};
/* End XCRemoteSwiftPackageReference section */

/* Begin XCSwiftPackageProductDependency section */
		9A28A6532F2998CE00B0DB3C /* GRDB */ = {
			isa = XCSwiftPackageProductDependency;
			package = 9A28A6522F2998CE00B0DB3C /* XCRemoteSwiftPackageReference "GRDB" */;
			productName = GRDB;
		};
		9A28A6642F299CE400B0DB3C /* GoogleSignIn */ = {
			isa = XCSwiftPackageProductDependency;
			package = 9A28A6632F299CE400B0DB3C /* XCRemoteSwiftPackageReference "GoogleSignIn-iOS" */;
			productName = GoogleSignIn;
		};
		9A28A6662F299CE400B0DB3C /* GoogleSignInSwift */ = {
			isa = XCSwiftPackageProductDependency;
			package = 9A28A6632F299CE400B0DB3C /* XCRemoteSwiftPackageReference "GoogleSignIn-iOS" */;
			productName = GoogleSignInSwift;
		};
/* End XCSwiftPackageProductDependency section */
	};
	rootObject = 9A28A47A2F27AD0F00B0DB3C /* Project object */;
}
